# This file is automatically @generated by Cargo.
# It is not intended for manual editing.
version = 3

[[package]]
name = "rusty-server"
version = "0.1.0"
source = "registry+https://github.com/rust-lang/crates.io-index"
checksum = "f7688f4302c0b468cd0cb60a9f266448fe1a36604a23e16c57c8da8b4949275d"

[[package]]
name = "static_page"
version = "0.1.0"
dependencies = [
 "rusty-server",
]
